
Microsoft Visual Studio Solution File, Format Version 12.00
# Visual Studio 15
VisualStudioVersion = 15.0.28307.757
MinimumVisualStudioVersion = 10.0.40219.1
Project("{2150E333-8FDC-42A3-9474-1A3956D46DE8}") = "2-Servicios", "2-Servicios", "{D0368258-F6DC-4D2B-9F88-2F9C37CAF29A}"
EndProject
Project("{2150E333-8FDC-42A3-9474-1A3956D46DE8}") = "3-Aplicacion", "3-Aplicacion", "{ADD512C7-F7BC-4CE0-B9B8-68EF6069EAEC}"
EndProject
Project("{2150E333-8FDC-42A3-9474-1A3956D46DE8}") = "4-Dominio", "4-Dominio", "{1509D34D-E065-4BD4-9042-20BAE263A871}"
EndProject
Project("{2150E333-8FDC-42A3-9474-1A3956D46DE8}") = "5-Infraestructura", "5-Infraestructura", "{B1EA82B2-B739-4608-B51E-E3800A89798D}"
EndProject
Project("{2150E333-8FDC-42A3-9474-1A3956D46DE8}") = "6-Transversal", "6-Transversal", "{71166E72-9829-419E-916A-38271FCAC4A6}"
EndProject
Project("{FAE04EC0-301F-11D3-BF4B-00C04F79EFBC}") = "Utilitarios.InC", "Utilitarios.InC\Utilitarios.InC.csproj", "{2DB11FF2-5B10-43CA-A69C-2A5BEA0F2083}"
EndProject
Project("{FAE04EC0-301F-11D3-BF4B-00C04F79EFBC}") = "Datos.Persistencia.Core", "Datos.Persistencia.Core\Datos.Persistencia.Core.csproj", "{7AC27899-73DE-4CD4-BFC4-52F09F0DF13C}"
EndProject
Project("{FAE04EC0-301F-11D3-BF4B-00C04F79EFBC}") = "Datos.Persistencia.Implementacion", "Datos.Persistencia.Implementacion\Datos.Persistencia.Implementacion.csproj", "{EB420ED6-B25B-4A15-8D2F-BE9910CEC866}"
EndProject
Project("{FAE04EC0-301F-11D3-BF4B-00C04F79EFBC}") = "Datos.Persistencia.Inicializador", "Datos.Persistencia.Inicializador\Datos.Persistencia.Inicializador.csproj", "{DF8A6837-BC44-4C14-B6D7-F4EC0CB2A3A1}"
EndProject
Project("{FAE04EC0-301F-11D3-BF4B-00C04F79EFBC}") = "Dominio.Core", "Dominio.Core\Dominio.Core.csproj", "{707E564D-C6DF-4EFF-9448-414ED9F3B5A5}"
EndProject
Project("{FAE04EC0-301F-11D3-BF4B-00C04F79EFBC}") = "Dominio.Implementacion", "Dominio.Implementacion\Dominio.Implementacion.csproj", "{3392CC27-751F-49A0-B1B0-B26E199B5120}"
EndProject
Project("{FAE04EC0-301F-11D3-BF4B-00C04F79EFBC}") = "Dominio.Inicializador", "Dominio.Inicializador\Dominio.Inicializador.csproj", "{94C51B4D-AA56-4614-8944-4F6A5FD74F3B}"
EndProject
Project("{FAE04EC0-301F-11D3-BF4B-00C04F79EFBC}") = "Aplicacion.Core", "Aplicacion.Core\Aplicacion.Core.csproj", "{AD22408E-FE64-4940-A6F0-584A7A8D9A47}"
EndProject
Project("{FAE04EC0-301F-11D3-BF4B-00C04F79EFBC}") = "Aplicacion.Implementacion", "Aplicacion.Implementacion\Aplicacion.Implementacion.csproj", "{C5C45208-83C9-49F4-A462-4D8229AF157D}"
EndProject
Project("{FAE04EC0-301F-11D3-BF4B-00C04F79EFBC}") = "Aplicacion.Inicializador", "Aplicacion.Inicializador\Aplicacion.Inicializador.csproj", "{E1B1F251-46EF-49D5-8771-FFE333C5CA9F}"
EndProject
Project("{FAE04EC0-301F-11D3-BF4B-00C04F79EFBC}") = "Aplicacion.Profiles", "Aplicacion.Profile\Aplicacion.Profiles.csproj", "{B2311835-F80F-49D4-B3F7-0265A36974DE}"
EndProject
Project("{FAE04EC0-301F-11D3-BF4B-00C04F79EFBC}") = "WebApi", "WebApi\WebApi.csproj", "{EBCA584A-88E4-4396-A8E2-7AD5EEADBC0C}"
EndProject
Project("{2150E333-8FDC-42A3-9474-1A3956D46DE8}") = "1-Presentacion", "1-Presentacion", "{31EAB1DC-473D-4C10-8AF1-744522A69324}"
EndProject
Project("{FAE04EC0-301F-11D3-BF4B-00C04F79EFBC}") = "WebApi.IU", "WebApi.IU\WebApi.IU.csproj", "{635151F9-6319-4000-8F0A-2AC9B39EF866}"
EndProject
Global
	GlobalSection(SolutionConfigurationPlatforms) = preSolution
		Debug|Any CPU = Debug|Any CPU
		Release|Any CPU = Release|Any CPU
	EndGlobalSection
	GlobalSection(ProjectConfigurationPlatforms) = postSolution
		{2DB11FF2-5B10-43CA-A69C-2A5BEA0F2083}.Debug|Any CPU.ActiveCfg = Debug|Any CPU
		{2DB11FF2-5B10-43CA-A69C-2A5BEA0F2083}.Debug|Any CPU.Build.0 = Debug|Any CPU
		{2DB11FF2-5B10-43CA-A69C-2A5BEA0F2083}.Release|Any CPU.ActiveCfg = Release|Any CPU
		{2DB11FF2-5B10-43CA-A69C-2A5BEA0F2083}.Release|Any CPU.Build.0 = Release|Any CPU
		{7AC27899-73DE-4CD4-BFC4-52F09F0DF13C}.Debug|Any CPU.ActiveCfg = Debug|Any CPU
		{7AC27899-73DE-4CD4-BFC4-52F09F0DF13C}.Debug|Any CPU.Build.0 = Debug|Any CPU
		{7AC27899-73DE-4CD4-BFC4-52F09F0DF13C}.Release|Any CPU.ActiveCfg = Release|Any CPU
		{7AC27899-73DE-4CD4-BFC4-52F09F0DF13C}.Release|Any CPU.Build.0 = Release|Any CPU
		{EB420ED6-B25B-4A15-8D2F-BE9910CEC866}.Debug|Any CPU.ActiveCfg = Debug|Any CPU
		{EB420ED6-B25B-4A15-8D2F-BE9910CEC866}.Debug|Any CPU.Build.0 = Debug|Any CPU
		{EB420ED6-B25B-4A15-8D2F-BE9910CEC866}.Release|Any CPU.ActiveCfg = Release|Any CPU
		{EB420ED6-B25B-4A15-8D2F-BE9910CEC866}.Release|Any CPU.Build.0 = Release|Any CPU
		{DF8A6837-BC44-4C14-B6D7-F4EC0CB2A3A1}.Debug|Any CPU.ActiveCfg = Debug|Any CPU
		{DF8A6837-BC44-4C14-B6D7-F4EC0CB2A3A1}.Debug|Any CPU.Build.0 = Debug|Any CPU
		{DF8A6837-BC44-4C14-B6D7-F4EC0CB2A3A1}.Release|Any CPU.ActiveCfg = Release|Any CPU
		{DF8A6837-BC44-4C14-B6D7-F4EC0CB2A3A1}.Release|Any CPU.Build.0 = Release|Any CPU
		{707E564D-C6DF-4EFF-9448-414ED9F3B5A5}.Debug|Any CPU.ActiveCfg = Debug|Any CPU
		{707E564D-C6DF-4EFF-9448-414ED9F3B5A5}.Debug|Any CPU.Build.0 = Debug|Any CPU
		{707E564D-C6DF-4EFF-9448-414ED9F3B5A5}.Release|Any CPU.ActiveCfg = Release|Any CPU
		{707E564D-C6DF-4EFF-9448-414ED9F3B5A5}.Release|Any CPU.Build.0 = Release|Any CPU
		{3392CC27-751F-49A0-B1B0-B26E199B5120}.Debug|Any CPU.ActiveCfg = Debug|Any CPU
		{3392CC27-751F-49A0-B1B0-B26E199B5120}.Debug|Any CPU.Build.0 = Debug|Any CPU
		{3392CC27-751F-49A0-B1B0-B26E199B5120}.Release|Any CPU.ActiveCfg = Release|Any CPU
		{3392CC27-751F-49A0-B1B0-B26E199B5120}.Release|Any CPU.Build.0 = Release|Any CPU
		{94C51B4D-AA56-4614-8944-4F6A5FD74F3B}.Debug|Any CPU.ActiveCfg = Debug|Any CPU
		{94C51B4D-AA56-4614-8944-4F6A5FD74F3B}.Debug|Any CPU.Build.0 = Debug|Any CPU
		{94C51B4D-AA56-4614-8944-4F6A5FD74F3B}.Release|Any CPU.ActiveCfg = Release|Any CPU
		{94C51B4D-AA56-4614-8944-4F6A5FD74F3B}.Release|Any CPU.Build.0 = Release|Any CPU
		{AD22408E-FE64-4940-A6F0-584A7A8D9A47}.Debug|Any CPU.ActiveCfg = Debug|Any CPU
		{AD22408E-FE64-4940-A6F0-584A7A8D9A47}.Debug|Any CPU.Build.0 = Debug|Any CPU
		{AD22408E-FE64-4940-A6F0-584A7A8D9A47}.Release|Any CPU.ActiveCfg = Release|Any CPU
		{AD22408E-FE64-4940-A6F0-584A7A8D9A47}.Release|Any CPU.Build.0 = Release|Any CPU
		{C5C45208-83C9-49F4-A462-4D8229AF157D}.Debug|Any CPU.ActiveCfg = Debug|Any CPU
		{C5C45208-83C9-49F4-A462-4D8229AF157D}.Debug|Any CPU.Build.0 = Debug|Any CPU
		{C5C45208-83C9-49F4-A462-4D8229AF157D}.Release|Any CPU.ActiveCfg = Release|Any CPU
		{C5C45208-83C9-49F4-A462-4D8229AF157D}.Release|Any CPU.Build.0 = Release|Any CPU
		{E1B1F251-46EF-49D5-8771-FFE333C5CA9F}.Debug|Any CPU.ActiveCfg = Debug|Any CPU
		{E1B1F251-46EF-49D5-8771-FFE333C5CA9F}.Debug|Any CPU.Build.0 = Debug|Any CPU
		{E1B1F251-46EF-49D5-8771-FFE333C5CA9F}.Release|Any CPU.ActiveCfg = Release|Any CPU
		{E1B1F251-46EF-49D5-8771-FFE333C5CA9F}.Release|Any CPU.Build.0 = Release|Any CPU
		{B2311835-F80F-49D4-B3F7-0265A36974DE}.Debug|Any CPU.ActiveCfg = Debug|Any CPU
		{B2311835-F80F-49D4-B3F7-0265A36974DE}.Debug|Any CPU.Build.0 = Debug|Any CPU
		{B2311835-F80F-49D4-B3F7-0265A36974DE}.Release|Any CPU.ActiveCfg = Release|Any CPU
		{B2311835-F80F-49D4-B3F7-0265A36974DE}.Release|Any CPU.Build.0 = Release|Any CPU
		{EBCA584A-88E4-4396-A8E2-7AD5EEADBC0C}.Debug|Any CPU.ActiveCfg = Debug|Any CPU
		{EBCA584A-88E4-4396-A8E2-7AD5EEADBC0C}.Debug|Any CPU.Build.0 = Debug|Any CPU
		{EBCA584A-88E4-4396-A8E2-7AD5EEADBC0C}.Release|Any CPU.ActiveCfg = Release|Any CPU
		{EBCA584A-88E4-4396-A8E2-7AD5EEADBC0C}.Release|Any CPU.Build.0 = Release|Any CPU
		{635151F9-6319-4000-8F0A-2AC9B39EF866}.Debug|Any CPU.ActiveCfg = Debug|Any CPU
		{635151F9-6319-4000-8F0A-2AC9B39EF866}.Debug|Any CPU.Build.0 = Debug|Any CPU
		{635151F9-6319-4000-8F0A-2AC9B39EF866}.Release|Any CPU.ActiveCfg = Release|Any CPU
		{635151F9-6319-4000-8F0A-2AC9B39EF866}.Release|Any CPU.Build.0 = Release|Any CPU
	EndGlobalSection
	GlobalSection(SolutionProperties) = preSolution
		HideSolutionNode = FALSE
	EndGlobalSection
	GlobalSection(NestedProjects) = preSolution
		{2DB11FF2-5B10-43CA-A69C-2A5BEA0F2083} = {71166E72-9829-419E-916A-38271FCAC4A6}
		{7AC27899-73DE-4CD4-BFC4-52F09F0DF13C} = {B1EA82B2-B739-4608-B51E-E3800A89798D}
		{EB420ED6-B25B-4A15-8D2F-BE9910CEC866} = {B1EA82B2-B739-4608-B51E-E3800A89798D}
		{DF8A6837-BC44-4C14-B6D7-F4EC0CB2A3A1} = {B1EA82B2-B739-4608-B51E-E3800A89798D}
		{707E564D-C6DF-4EFF-9448-414ED9F3B5A5} = {1509D34D-E065-4BD4-9042-20BAE263A871}
		{3392CC27-751F-49A0-B1B0-B26E199B5120} = {1509D34D-E065-4BD4-9042-20BAE263A871}
		{94C51B4D-AA56-4614-8944-4F6A5FD74F3B} = {1509D34D-E065-4BD4-9042-20BAE263A871}
		{AD22408E-FE64-4940-A6F0-584A7A8D9A47} = {ADD512C7-F7BC-4CE0-B9B8-68EF6069EAEC}
		{C5C45208-83C9-49F4-A462-4D8229AF157D} = {ADD512C7-F7BC-4CE0-B9B8-68EF6069EAEC}
		{E1B1F251-46EF-49D5-8771-FFE333C5CA9F} = {ADD512C7-F7BC-4CE0-B9B8-68EF6069EAEC}
		{B2311835-F80F-49D4-B3F7-0265A36974DE} = {ADD512C7-F7BC-4CE0-B9B8-68EF6069EAEC}
		{EBCA584A-88E4-4396-A8E2-7AD5EEADBC0C} = {D0368258-F6DC-4D2B-9F88-2F9C37CAF29A}
		{635151F9-6319-4000-8F0A-2AC9B39EF866} = {31EAB1DC-473D-4C10-8AF1-744522A69324}
	EndGlobalSection
	GlobalSection(ExtensibilityGlobals) = postSolution
		SolutionGuid = {5A5EBADA-EFD3-4E60-9C9E-9071001E2B1F}
	EndGlobalSection
EndGlobal
